
Microsoft Visual Studio Solution File, Format Version 12.00
# Visual Studio Version 16
VisualStudioVersion = 16.0.32901.82
MinimumVisualStudioVersion = 10.0.40219.1
Project("{FAE04EC0-301F-11D3-BF4B-00C04F79EFBC}") = "lab_10_1", "lab_10_1.csproj", "{4B24A819-93CF-4579-A3D9-2F6AEB5E35B4}"
EndProject
Global
	GlobalSection(SolutionConfigurationPlatforms) = preSolution
		Debug|Any CPU = Debug|Any CPU
		Release|Any CPU = Release|Any CPU
	EndGlobalSection
	GlobalSection(ProjectConfigurationPlatforms) = postSolution
		{4B24A819-93CF-4579-A3D9-2F6AEB5E35B4}.Debug|Any CPU.ActiveCfg = Debug|Any CPU
		{4B24A819-93CF-4579-A3D9-2F6AEB5E35B4}.Debug|Any CPU.Build.0 = Debug|Any CPU
		{4B24A819-93CF-4579-A3D9-2F6AEB5E35B4}.Release|Any CPU.ActiveCfg = Release|Any CPU
		{4B24A819-93CF-4579-A3D9-2F6AEB5E35B4}.Release|Any CPU.Build.0 = Release|Any CPU
	EndGlobalSection
	GlobalSection(SolutionProperties) = preSolution
		HideSolutionNode = FALSE
	EndGlobalSection
	GlobalSection(ExtensibilityGlobals) = postSolution
		SolutionGuid = {DA7A517D-A3A0-4A30-9313-8F937FFC1602}
	EndGlobalSection
EndGlobal
